
Microsoft Visual Studio Solution File, Format Version 12.00
# Visual Studio Version 16
VisualStudioVersion = 16.0.30517.126
MinimumVisualStudioVersion = 10.0.40219.1
Project("{FAE04EC0-301F-11D3-BF4B-00C04F79EFBC}") = "Combox", "Combox\Combox.csproj", "{C7502366-75F2-414F-A135-A2E926A76F53}"
EndProject
Global
	GlobalSection(SolutionConfigurationPlatforms) = preSolution
		Debug|Any CPU = Debug|Any CPU
		Release|Any CPU = Release|Any CPU
	EndGlobalSection
	GlobalSection(ProjectConfigurationPlatforms) = postSolution
		{C7502366-75F2-414F-A135-A2E926A76F53}.Debug|Any CPU.ActiveCfg = Debug|Any CPU
		{C7502366-75F2-414F-A135-A2E926A76F53}.Debug|Any CPU.Build.0 = Debug|Any CPU
		{C7502366-75F2-414F-A135-A2E926A76F53}.Release|Any CPU.ActiveCfg = Release|Any CPU
		{C7502366-75F2-414F-A135-A2E926A76F53}.Release|Any CPU.Build.0 = Release|Any CPU
	EndGlobalSection
	GlobalSection(SolutionProperties) = preSolution
		HideSolutionNode = FALSE
	EndGlobalSection
	GlobalSection(ExtensibilityGlobals) = postSolution
		SolutionGuid = {7280C5B6-323D-4184-9D28-6C2983F27D4D}
	EndGlobalSection
EndGlobal
